version = 1
requires-python = ">=3.11"
resolution-markers = [
    "python_full_version < '3.12'",
    "python_full_version >= '3.12'",
]

[[package]]
name = "asciitree"
version = "0.3.3"
source = { registry = "https://pypi.org/simple" }
sdist = { url = "https://files.pythonhosted.org/packages/2d/6a/885bc91484e1aa8f618f6f0228d76d0e67000b0fdd6090673b777e311913/asciitree-0.3.3.tar.gz", hash = "sha256:4aa4b9b649f85e3fcb343363d97564aa1fb62e249677f2e18a96765145cc0f6e", size = 3951 }

[[package]]
name = "cheetah3"
version = "3.2.6.post1"
source = { registry = "https://pypi.org/simple" }
sdist = { url = "https://files.pythonhosted.org/packages/23/33/ace0250068afca106c1df34348ab0728e575dc9c61928d216de3e381c460/Cheetah3-3.2.6.post1.tar.gz", hash = "sha256:58b5d84e5fbff6cf8e117414b3ea49ef51654c02ee887d155113c5b91d761967", size = 295992 }
wheels = [
    { url = "https://files.pythonhosted.org/packages/59/39/72440e5ea1c94232dd0268d49cd62aa1240f8207a904081c4110e6a43d26/Cheetah3-3.2.6.post1-pp27-pypy_73-win32.whl", hash = "sha256:090a3aa778fa239c17b0b3bf53ee69036d9b2e31b5f03cc111d1e28fd4789c95", size = 182256 },
]

[[package]]
name = "colorama"
version = "0.4.6"
source = { registry = "https://pypi.org/simple" }
sdist = { url = "https://files.pythonhosted.org/packages/d8/53/6f443c9a4a8358a93a6792e2acffb9d9d5cb0a5cfd8802644b7b1c9a02e4/colorama-0.4.6.tar.gz", hash = "sha256:08695f5cb7ed6e0531a20572697297273c47b8cae5a63ffc6d6ed5c201be6e44", size = 27697 }
wheels = [
    { url = "https://files.pythonhosted.org/packages/d1/d6/3965ed04c63042e047cb6a3e6ed1a63a35087b6a609aa3a15ed8ac56c221/colorama-0.4.6-py2.py3-none-any.whl", hash = "sha256:4f1d9991f5acc0ca119f9d443620b77f9d6b33703e51011c16baf57afb285fc6", size = 25335 },
]

[[package]]
name = "cython"
version = "3.0.11"
source = { registry = "https://pypi.org/simple" }
sdist = { url = "https://files.pythonhosted.org/packages/84/4d/b720d6000f4ca77f030bd70f12550820f0766b568e43f11af7f7ad9061aa/cython-3.0.11.tar.gz", hash = "sha256:7146dd2af8682b4ca61331851e6aebce9fe5158e75300343f80c07ca80b1faff", size = 2755544 }
wheels = [
    { url = "https://files.pythonhosted.org/packages/f8/73/e55be864199cd674cb3426a052726c205589b1ac66fb0090e7fe793b60b3/Cython-3.0.11-cp311-cp311-macosx_10_9_x86_64.whl", hash = "sha256:75ba1c70b6deeaffbac123856b8d35f253da13552207aa969078611c197377e4", size = 3113599 },
    { url = "https://files.pythonhosted.org/packages/09/c9/537108d0980beffff55336baaf8b34162ad0f3f33ededcb5db07069bc8ef/Cython-3.0.11-cp311-cp311-manylinux_2_17_aarch64.manylinux2014_aarch64.whl", hash = "sha256:af91497dc098718e634d6ec8f91b182aea6bb3690f333fc9a7777bc70abe8810", size = 3441131 },
    { url = "https://files.pythonhosted.org/packages/93/03/e330b241ad8aa12bb9d98b58fb76d4eb7dcbe747479aab5c29fce937b9e7/Cython-3.0.11-cp311-cp311-manylinux_2_17_x86_64.manylinux2014_x86_64.whl", hash = "sha256:3999fb52d3328a6a5e8c63122b0a8bd110dfcdb98dda585a3def1426b991cba7", size = 3595065 },
    { url = "https://files.pythonhosted.org/packages/4a/84/a3c40f2c0439d425daa5aa4e3a6fdbbb41341a14a6fd97f94906f528d9a4/Cython-3.0.11-cp311-cp311-manylinux_2_5_i686.manylinux1_i686.manylinux_2_17_i686.manylinux2014_i686.whl", hash = "sha256:d566a4e09b8979be8ab9f843bac0dd216c81f5e5f45661a9b25cd162ed80508c", size = 3641667 },
    { url = "https://files.pythonhosted.org/packages/6d/93/bdb61e0254ed8f1d21a14088a473584ecb1963d68dba5682158aa45c70ef/Cython-3.0.11-cp311-cp311-musllinux_1_2_aarch64.whl", hash = "sha256:46aec30f217bdf096175a1a639203d44ac73a36fe7fa3dd06bd012e8f39eca0f", size = 3503650 },
    { url = "https://files.pythonhosted.org/packages/f8/62/0da548144c71176155ff5355c4cc40fb28b9effe22e830b55cec8072bdf2/Cython-3.0.11-cp311-cp311-musllinux_1_2_x86_64.whl", hash = "sha256:ddd1fe25af330f4e003421636746a546474e4ccd8f239f55d2898d80983d20ed", size = 3709662 },
    { url = "https://files.pythonhosted.org/packages/56/d3/d9c9eaf3611a9fe5256266d07b6a5f9069aa84d20d9f6aa5824289513315/Cython-3.0.11-cp311-cp311-win32.whl", hash = "sha256:221de0b48bf387f209003508e602ce839a80463522fc6f583ad3c8d5c890d2c1", size = 2577870 },
    { url = "https://files.pythonhosted.org/packages/fd/10/236fcc0306f85a2db1b8bc147aea714b66a2f27bac4d9e09e5b2c5d5dcca/Cython-3.0.11-cp311-cp311-win_amd64.whl", hash = "sha256:3ff8ac1f0ecd4f505db4ab051e58e4531f5d098b6ac03b91c3b902e8d10c67b3", size = 2785053 },
    { url = "https://files.pythonhosted.org/packages/58/50/fbb23239efe2183e4eaf76689270d6f5b3bbcf9be9ad1eb97cc34349e6fc/Cython-3.0.11-cp312-cp312-macosx_10_9_x86_64.whl", hash = "sha256:11996c40c32abf843ba652a6d53cb15944c88d91f91fc4e6f0028f5df8a8f8a1", size = 3141274 },
    { url = "https://files.pythonhosted.org/packages/87/e5/76379edb21fd5bb9e2aaa1d305492bc35bba96dfb51f5d96867d9863b6df/Cython-3.0.11-cp312-cp312-manylinux_2_17_aarch64.manylinux2014_aarch64.whl", hash = "sha256:63f2c892e9f9c1698ecfee78205541623eb31cd3a1b682668be7ac12de94aa8e", size = 3340904 },
    { url = "https://files.pythonhosted.org/packages/9a/ef/44af6aded89444dc45f4466ff207a05d3376c641cf1146c03fd14c55ae64/Cython-3.0.11-cp312-cp312-manylinux_2_17_x86_64.manylinux2014_x86_64.whl", hash = "sha256:8b14c24f1dc4c4c9d997cca8d1b7fb01187a218aab932328247dcf5694a10102", size = 3514052 },
    { url = "https://files.pythonhosted.org/packages/e0/d5/ef8c7b6aa7a83c508f5c3bf0dfb9eb0a2a9be910c0b1f205f842128269c3/Cython-3.0.11-cp312-cp312-manylinux_2_5_i686.manylinux1_i686.manylinux_2_17_i686.manylinux2014_i686.whl", hash = "sha256:c8eed5c015685106db15dd103fd040948ddca9197b1dd02222711815ea782a27", size = 3573721 },
    { url = "https://files.pythonhosted.org/packages/e5/4a/58d6c208563504a35febff94904bb291b368a8b0f28a5e0593c770967caa/Cython-3.0.11-cp312-cp312-musllinux_1_2_aarch64.whl", hash = "sha256:780f89c95b8aec1e403005b3bf2f0a2afa060b3eba168c86830f079339adad89", size = 3393594 },
    { url = "https://files.pythonhosted.org/packages/a0/92/a60a400be286dc661609da9db903680bba1423362000b689cf8ef0aec811/Cython-3.0.11-cp312-cp312-musllinux_1_2_x86_64.whl", hash = "sha256:a690f2ff460682ea985e8d38ec541be97e0977fa0544aadc21efc116ff8d7579", size = 3601319 },
    { url = "https://files.pythonhosted.org/packages/ac/11/f02fc24d1a071b93e1d07497b0a528687b1f93bb4945c635119480fab3c0/Cython-3.0.11-cp312-cp312-win32.whl", hash = "sha256:2252b5aa57621848e310fe7fa6f7dce5f73aa452884a183d201a8bcebfa05a00", size = 2608335 },
    { url = "https://files.pythonhosted.org/packages/35/00/78ffea3a0ab176267a25ff049518b2582db7ac265bbf27944243d1a81ce2/Cython-3.0.11-cp312-cp312-win_amd64.whl", hash = "sha256:da394654c6da15c1d37f0b7ec5afd325c69a15ceafee2afba14b67a5df8a82c8", size = 2792586 },
    { url = "https://files.pythonhosted.org/packages/eb/19/1d7164b724f62b67c59aa3531a2be8ed1a0c7e4e80afcc6502d8409c4ee3/Cython-3.0.11-cp313-cp313-macosx_10_13_x86_64.whl", hash = "sha256:4341d6a64d47112884e0bcf31e6c075268220ee4cd02223047182d4dda94d637", size = 3134881 },
    { url = "https://files.pythonhosted.org/packages/0a/d7/8d834d7ec4b6e55db857f44e328246d40cb527917040fabf3c48d27609b3/Cython-3.0.11-cp313-cp313-manylinux_2_17_aarch64.manylinux2014_aarch64.whl", hash = "sha256:351955559b37e6c98b48aecb178894c311be9d731b297782f2b78d111f0c9015", size = 3330582 },
    { url = "https://files.pythonhosted.org/packages/1c/ae/d520f3cd94a8926bc47275a968e51bbc669a28f27a058cdfc5c3081fbbf7/Cython-3.0.11-cp313-cp313-manylinux_2_17_x86_64.manylinux2014_x86_64.whl", hash = "sha256:9c02361af9bfa10ff1ccf967fc75159e56b1c8093caf565739ed77a559c1f29f", size = 3503750 },
    { url = "https://files.pythonhosted.org/packages/6e/e4/45c556f4a6d40b6938368d420d3c985bbef9088b7d4a8d8c6648d50e4a94/Cython-3.0.11-cp313-cp313-manylinux_2_5_i686.manylinux1_i686.manylinux_2_17_i686.manylinux2014_i686.whl", hash = "sha256:6823aef13669a32caf18bbb036de56065c485d9f558551a9b55061acf9c4c27f", size = 3566498 },
    { url = "https://files.pythonhosted.org/packages/ce/2d/544f6aa3cab31b99ddb07e7eaaaca6a43db52fe0dc59090195c48fc0b033/Cython-3.0.11-cp313-cp313-musllinux_1_2_aarch64.whl", hash = "sha256:6fb68cef33684f8cc97987bee6ae919eee7e18ee6a3ad7ed9516b8386ef95ae6", size = 3389063 },
    { url = "https://files.pythonhosted.org/packages/55/1a/9d871cc1514df273cd2ccfe3efe5ff1df509ce11768c02a834052709f152/Cython-3.0.11-cp313-cp313-musllinux_1_2_x86_64.whl", hash = "sha256:790263b74432cb997740d73665f4d8d00b9cd1cecbdd981d93591ddf993d4f12", size = 3596353 },
    { url = "https://files.pythonhosted.org/packages/47/4e/4db412f595de4b2224a81ea5332ce107ce3e93bf87275c78648f2e3e37b8/Cython-3.0.11-cp313-cp313-win32.whl", hash = "sha256:e6dd395d1a704e34a9fac00b25f0036dce6654c6b898be6f872ac2bb4f2eda48", size = 2602768 },
    { url = "https://files.pythonhosted.org/packages/e7/91/8a29e1bce2f8a893a4c24874943b64e8ede14fac9990bd4a3f13a46c2720/Cython-3.0.11-cp313-cp313-win_amd64.whl", hash = "sha256:52186101d51497519e99b60d955fd5cb3bf747c67f00d742e70ab913f1e42d31", size = 2784414 },
    { url = "https://files.pythonhosted.org/packages/43/39/bdbec9142bc46605b54d674bf158a78b191c2b75be527c6dcf3e6dfe90b8/Cython-3.0.11-py2.py3-none-any.whl", hash = "sha256:0e25f6425ad4a700d7f77cd468da9161e63658837d1bc34861a9861a4ef6346d", size = 1171267 },
]

[[package]]
name = "fasteners"
version = "0.19"
source = { registry = "https://pypi.org/simple" }
sdist = { url = "https://files.pythonhosted.org/packages/5f/d4/e834d929be54bfadb1f3e3b931c38e956aaa3b235a46a3c764c26c774902/fasteners-0.19.tar.gz", hash = "sha256:b4f37c3ac52d8a445af3a66bce57b33b5e90b97c696b7b984f530cf8f0ded09c", size = 24832 }
wheels = [
    { url = "https://files.pythonhosted.org/packages/61/bf/fd60001b3abc5222d8eaa4a204cd8c0ae78e75adc688f33ce4bf25b7fafa/fasteners-0.19-py3-none-any.whl", hash = "sha256:758819cb5d94cdedf4e836988b74de396ceacb8e2794d21f82d131fd9ee77237", size = 18679 },
]

[[package]]
name = "geff"
version = "0.1.0"
source = { editable = "." }
dependencies = [
    { name = "spatial-graph" },
    { name = "zarr" },
]

[package.dev-dependencies]
dev = [
    { name = "pytest" },
]

[package.metadata]
requires-dist = [
    { name = "spatial-graph", git = "https://github.com/funkelab/spatial_graph?rev=d02b691e4fa0f184871939a89c6f964bfd0f5e39" },
    { name = "zarr", specifier = "<3.0.0" },
]

[package.metadata.requires-dev]
dev = [{ name = "pytest", specifier = ">=8.3.4" }]

[[package]]
name = "iniconfig"
version = "2.0.0"
source = { registry = "https://pypi.org/simple" }
sdist = { url = "https://files.pythonhosted.org/packages/d7/4b/cbd8e699e64a6f16ca3a8220661b5f83792b3017d0f79807cb8708d33913/iniconfig-2.0.0.tar.gz", hash = "sha256:2d91e135bf72d31a410b17c16da610a82cb55f6b0477d1a902134b24a455b8b3", size = 4646 }
wheels = [
    { url = "https://files.pythonhosted.org/packages/ef/a6/62565a6e1cf69e10f5727360368e451d4b7f58beeac6173dc9db836a5b46/iniconfig-2.0.0-py3-none-any.whl", hash = "sha256:b6a85871a79d2e3b22d2d1b94ac2824226a63c6b741c88f7ae975f18b6778374", size = 5892 },
]

[[package]]
name = "numcodecs"
version = "0.13.1"
source = { registry = "https://pypi.org/simple" }
dependencies = [
    { name = "numpy" },
]
sdist = { url = "https://files.pythonhosted.org/packages/85/56/8895a76abe4ec94ebd01eeb6d74f587bc4cddd46569670e1402852a5da13/numcodecs-0.13.1.tar.gz", hash = "sha256:a3cf37881df0898f3a9c0d4477df88133fe85185bffe57ba31bcc2fa207709bc", size = 5955215 }
wheels = [
    { url = "https://files.pythonhosted.org/packages/f0/78/34b8e869ef143e88d62e8231f4dbfcad85e5c41302a11fc5bd2228a13df5/numcodecs-0.13.1-cp311-cp311-macosx_10_9_x86_64.whl", hash = "sha256:2eda97dd2f90add98df6d295f2c6ae846043396e3d51a739ca5db6c03b5eb666", size = 1580199 },
    { url = "https://files.pythonhosted.org/packages/3b/cf/f70797d86bb585d258d1e6993dced30396f2044725b96ce8bcf87a02be9c/numcodecs-0.13.1-cp311-cp311-macosx_11_0_arm64.whl", hash = "sha256:2a86f5367af9168e30f99727ff03b27d849c31ad4522060dde0bce2923b3a8bc", size = 1177203 },
    { url = "https://files.pythonhosted.org/packages/a8/b5/d14ad69b63fde041153dfd05d7181a49c0d4864de31a7a1093c8370da957/numcodecs-0.13.1-cp311-cp311-manylinux_2_17_x86_64.manylinux2014_x86_64.whl", hash = "sha256:233bc7f26abce24d57e44ea8ebeb5cd17084690b4e7409dd470fdb75528d615f", size = 8868743 },
    { url = "https://files.pythonhosted.org/packages/13/d4/27a7b5af0b33f6d61e198faf177fbbf3cb83ff10d9d1a6857b7efc525ad5/numcodecs-0.13.1-cp311-cp311-win_amd64.whl", hash = "sha256:796b3e6740107e4fa624cc636248a1580138b3f1c579160f260f76ff13a4261b", size = 829603 },
    { url = "https://files.pythonhosted.org/packages/37/3a/bc09808425e7d3df41e5fc73fc7a802c429ba8c6b05e55f133654ade019d/numcodecs-0.13.1-cp312-cp312-macosx_10_13_x86_64.whl", hash = "sha256:5195bea384a6428f8afcece793860b1ab0ae28143c853f0b2b20d55a8947c917", size = 1575806 },
    { url = "https://files.pythonhosted.org/packages/3a/cc/dc74d0bfdf9ec192332a089d199f1e543e747c556b5659118db7a437dcca/numcodecs-0.13.1-cp312-cp312-macosx_11_0_arm64.whl", hash = "sha256:3501a848adaddce98a71a262fee15cd3618312692aa419da77acd18af4a6a3f6", size = 1178233 },
    { url = "https://files.pythonhosted.org/packages/d4/ce/434e8e3970b8e92ae9ab6d9db16cb9bc7aa1cd02e17c11de6848224100a1/numcodecs-0.13.1-cp312-cp312-manylinux_2_17_x86_64.manylinux2014_x86_64.whl", hash = "sha256:da2230484e6102e5fa3cc1a5dd37ca1f92dfbd183d91662074d6f7574e3e8f53", size = 8857827 },
    { url = "https://files.pythonhosted.org/packages/83/e7/1d8b1b266a92f9013c755b1c146c5ad71a2bff147ecbc67f86546a2e4d6a/numcodecs-0.13.1-cp312-cp312-win_amd64.whl", hash = "sha256:e5db4824ebd5389ea30e54bc8aeccb82d514d28b6b68da6c536b8fa4596f4bca", size = 826539 },
    { url = "https://files.pythonhosted.org/packages/83/8b/06771dead2cc4a8ae1ea9907737cf1c8d37a323392fa28f938a586373468/numcodecs-0.13.1-cp313-cp313-macosx_10_13_x86_64.whl", hash = "sha256:7a60d75179fd6692e301ddfb3b266d51eb598606dcae7b9fc57f986e8d65cb43", size = 1571660 },
    { url = "https://files.pythonhosted.org/packages/f9/ea/d925bf85f92dfe4635356018da9fe4bfecb07b1c72f62b01c1bc47f936b1/numcodecs-0.13.1-cp313-cp313-macosx_11_0_arm64.whl", hash = "sha256:3f593c7506b0ab248961a3b13cb148cc6e8355662ff124ac591822310bc55ecf", size = 1169925 },
    { url = "https://files.pythonhosted.org/packages/0f/d6/643a3839d571d8e439a2c77dc4b0b8cab18d96ac808e4a81dbe88e959ab6/numcodecs-0.13.1-cp313-cp313-manylinux_2_17_x86_64.manylinux2014_x86_64.whl", hash = "sha256:80d3071465f03522e776a31045ddf2cfee7f52df468b977ed3afdd7fe5869701", size = 8814257 },
    { url = "https://files.pythonhosted.org/packages/a6/c5/f3e56bc9b4e438a287fff738993d6d11abef368c0328a612ac2842ba9fca/numcodecs-0.13.1-cp313-cp313-win_amd64.whl", hash = "sha256:90d3065ae74c9342048ae0046006f99dcb1388b7288da5a19b3bddf9c30c3176", size = 821887 },
]

[[package]]
name = "numpy"
version = "2.2.1"
source = { registry = "https://pypi.org/simple" }
sdist = { url = "https://files.pythonhosted.org/packages/f2/a5/fdbf6a7871703df6160b5cf3dd774074b086d278172285c52c2758b76305/numpy-2.2.1.tar.gz", hash = "sha256:45681fd7128c8ad1c379f0ca0776a8b0c6583d2f69889ddac01559dfe4390918", size = 20227662 }
wheels = [
    { url = "https://files.pythonhosted.org/packages/59/14/645887347124e101d983e1daf95b48dc3e136bf8525cb4257bf9eab1b768/numpy-2.2.1-cp311-cp311-macosx_10_9_x86_64.whl", hash = "sha256:40f9e544c1c56ba8f1cf7686a8c9b5bb249e665d40d626a23899ba6d5d9e1484", size = 21217379 },
    { url = "https://files.pythonhosted.org/packages/9f/fd/2279000cf29f58ccfd3778cbf4670dfe3f7ce772df5e198c5abe9e88b7d7/numpy-2.2.1-cp311-cp311-macosx_11_0_arm64.whl", hash = "sha256:f9b57eaa3b0cd8db52049ed0330747b0364e899e8a606a624813452b8203d5f7", size = 14388520 },
    { url = "https://files.pythonhosted.org/packages/58/b0/034eb5d5ba12d66ab658ff3455a31f20add0b78df8203c6a7451bd1bee21/numpy-2.2.1-cp311-cp311-macosx_14_0_arm64.whl", hash = "sha256:bc8a37ad5b22c08e2dbd27df2b3ef7e5c0864235805b1e718a235bcb200cf1cb", size = 5389286 },
    { url = "https://files.pythonhosted.org/packages/5d/69/6f3cccde92e82e7835fdb475c2bf439761cbf8a1daa7c07338e1e132dfec/numpy-2.2.1-cp311-cp311-macosx_14_0_x86_64.whl", hash = "sha256:9036d6365d13b6cbe8f27a0eaf73ddcc070cae584e5ff94bb45e3e9d729feab5", size = 6930345 },
    { url = "https://files.pythonhosted.org/packages/d1/72/1cd38e91ab563e67f584293fcc6aca855c9ae46dba42e6b5ff4600022899/numpy-2.2.1-cp311-cp311-manylinux_2_17_aarch64.manylinux2014_aarch64.whl", hash = "sha256:51faf345324db860b515d3f364eaa93d0e0551a88d6218a7d61286554d190d73", size = 14335748 },
    { url = "https://files.pythonhosted.org/packages/f2/d4/f999444e86986f3533e7151c272bd8186c55dda554284def18557e013a2a/numpy-2.2.1-cp311-cp311-manylinux_2_17_x86_64.manylinux2014_x86_64.whl", hash = "sha256:38efc1e56b73cc9b182fe55e56e63b044dd26a72128fd2fbd502f75555d92591", size = 16391057 },
    { url = "https://files.pythonhosted.org/packages/99/7b/85cef6a3ae1b19542b7afd97d0b296526b6ef9e3c43ea0c4d9c4404fb2d0/numpy-2.2.1-cp311-cp311-musllinux_1_2_aarch64.whl", hash = "sha256:31b89fa67a8042e96715c68e071a1200c4e172f93b0fbe01a14c0ff3ff820fc8", size = 15556943 },
    { url = "https://files.pythonhosted.org/packages/69/7e/b83cc884c3508e91af78760f6b17ab46ad649831b1fa35acb3eb26d9e6d2/numpy-2.2.1-cp311-cp311-musllinux_1_2_x86_64.whl", hash = "sha256:4c86e2a209199ead7ee0af65e1d9992d1dce7e1f63c4b9a616500f93820658d0", size = 18180785 },
    { url = "https://files.pythonhosted.org/packages/b2/9f/eb4a9a38867de059dcd4b6e18d47c3867fbd3795d4c9557bb49278f94087/numpy-2.2.1-cp311-cp311-win32.whl", hash = "sha256:b34d87e8a3090ea626003f87f9392b3929a7bbf4104a05b6667348b6bd4bf1cd", size = 6568983 },
    { url = "https://files.pythonhosted.org/packages/6d/1e/be3b9f3073da2f8c7fa361fcdc231b548266b0781029fdbaf75eeab997fd/numpy-2.2.1-cp311-cp311-win_amd64.whl", hash = "sha256:360137f8fb1b753c5cde3ac388597ad680eccbbbb3865ab65efea062c4a1fd16", size = 12917260 },
    { url = "https://files.pythonhosted.org/packages/62/12/b928871c570d4a87ab13d2cc19f8817f17e340d5481621930e76b80ffb7d/numpy-2.2.1-cp312-cp312-macosx_10_13_x86_64.whl", hash = "sha256:694f9e921a0c8f252980e85bce61ebbd07ed2b7d4fa72d0e4246f2f8aa6642ab", size = 20909861 },
    { url = "https://files.pythonhosted.org/packages/3d/c3/59df91ae1d8ad7c5e03efd63fd785dec62d96b0fe56d1f9ab600b55009af/numpy-2.2.1-cp312-cp312-macosx_11_0_arm64.whl", hash = "sha256:3683a8d166f2692664262fd4900f207791d005fb088d7fdb973cc8d663626faa", size = 14095776 },
    { url = "https://files.pythonhosted.org/packages/af/4e/8ed5868efc8e601fb69419644a280e9c482b75691466b73bfaab7d86922c/numpy-2.2.1-cp312-cp312-macosx_14_0_arm64.whl", hash = "sha256:780077d95eafc2ccc3ced969db22377b3864e5b9a0ea5eb347cc93b3ea900315", size = 5126239 },
    { url = "https://files.pythonhosted.org/packages/1a/74/dd0bbe650d7bc0014b051f092f2de65e34a8155aabb1287698919d124d7f/numpy-2.2.1-cp312-cp312-macosx_14_0_x86_64.whl", hash = "sha256:55ba24ebe208344aa7a00e4482f65742969a039c2acfcb910bc6fcd776eb4355", size = 6659296 },
    { url = "https://files.pythonhosted.org/packages/7f/11/4ebd7a3f4a655764dc98481f97bd0a662fb340d1001be6050606be13e162/numpy-2.2.1-cp312-cp312-manylinux_2_17_aarch64.manylinux2014_aarch64.whl", hash = "sha256:9b1d07b53b78bf84a96898c1bc139ad7f10fda7423f5fd158fd0f47ec5e01ac7", size = 14047121 },
    { url = "https://files.pythonhosted.org/packages/7f/a7/c1f1d978166eb6b98ad009503e4d93a8c1962d0eb14a885c352ee0276a54/numpy-2.2.1-cp312-cp312-manylinux_2_17_x86_64.manylinux2014_x86_64.whl", hash = "sha256:5062dc1a4e32a10dc2b8b13cedd58988261416e811c1dc4dbdea4f57eea61b0d", size = 16096599 },
    { url = "https://files.pythonhosted.org/packages/3d/6d/0e22afd5fcbb4d8d0091f3f46bf4e8906399c458d4293da23292c0ba5022/numpy-2.2.1-cp312-cp312-musllinux_1_2_aarch64.whl", hash = "sha256:fce4f615f8ca31b2e61aa0eb5865a21e14f5629515c9151850aa936c02a1ee51", size = 15243932 },
    { url = "https://files.pythonhosted.org/packages/03/39/e4e5832820131ba424092b9610d996b37e5557180f8e2d6aebb05c31ae54/numpy-2.2.1-cp312-cp312-musllinux_1_2_x86_64.whl", hash = "sha256:67d4cda6fa6ffa073b08c8372aa5fa767ceb10c9a0587c707505a6d426f4e046", size = 17861032 },
    { url = "https://files.pythonhosted.org/packages/5f/8a/3794313acbf5e70df2d5c7d2aba8718676f8d054a05abe59e48417fb2981/numpy-2.2.1-cp312-cp312-win32.whl", hash = "sha256:32cb94448be47c500d2c7a95f93e2f21a01f1fd05dd2beea1ccd049bb6001cd2", size = 6274018 },
    { url = "https://files.pythonhosted.org/packages/17/c1/c31d3637f2641e25c7a19adf2ae822fdaf4ddd198b05d79a92a9ce7cb63e/numpy-2.2.1-cp312-cp312-win_amd64.whl", hash = "sha256:ba5511d8f31c033a5fcbda22dd5c813630af98c70b2661f2d2c654ae3cdfcfc8", size = 12613843 },
    { url = "https://files.pythonhosted.org/packages/20/d6/91a26e671c396e0c10e327b763485ee295f5a5a7a48c553f18417e5a0ed5/numpy-2.2.1-cp313-cp313-macosx_10_13_x86_64.whl", hash = "sha256:f1d09e520217618e76396377c81fba6f290d5f926f50c35f3a5f72b01a0da780", size = 20896464 },
    { url = "https://files.pythonhosted.org/packages/8c/40/5792ccccd91d45e87d9e00033abc4f6ca8a828467b193f711139ff1f1cd9/numpy-2.2.1-cp313-cp313-macosx_11_0_arm64.whl", hash = "sha256:3ecc47cd7f6ea0336042be87d9e7da378e5c7e9b3c8ad0f7c966f714fc10d821", size = 14111350 },
    { url = "https://files.pythonhosted.org/packages/c0/2a/fb0a27f846cb857cef0c4c92bef89f133a3a1abb4e16bba1c4dace2e9b49/numpy-2.2.1-cp313-cp313-macosx_14_0_arm64.whl", hash = "sha256:f419290bc8968a46c4933158c91a0012b7a99bb2e465d5ef5293879742f8797e", size = 5111629 },
    { url = "https://files.pythonhosted.org/packages/eb/e5/8e81bb9d84db88b047baf4e8b681a3e48d6390bc4d4e4453eca428ecbb49/numpy-2.2.1-cp313-cp313-macosx_14_0_x86_64.whl", hash = "sha256:5b6c390bfaef8c45a260554888966618328d30e72173697e5cabe6b285fb2348", size = 6645865 },
    { url = "https://files.pythonhosted.org/packages/7a/1a/a90ceb191dd2f9e2897c69dde93ccc2d57dd21ce2acbd7b0333e8eea4e8d/numpy-2.2.1-cp313-cp313-manylinux_2_17_aarch64.manylinux2014_aarch64.whl", hash = "sha256:526fc406ab991a340744aad7e25251dd47a6720a685fa3331e5c59fef5282a59", size = 14043508 },
    { url = "https://files.pythonhosted.org/packages/f1/5a/e572284c86a59dec0871a49cd4e5351e20b9c751399d5f1d79628c0542cb/numpy-2.2.1-cp313-cp313-manylinux_2_17_x86_64.manylinux2014_x86_64.whl", hash = "sha256:f74e6fdeb9a265624ec3a3918430205dff1df7e95a230779746a6af78bc615af", size = 16094100 },
    { url = "https://files.pythonhosted.org/packages/0c/2c/a79d24f364788386d85899dd280a94f30b0950be4b4a545f4fa4ed1d4ca7/numpy-2.2.1-cp313-cp313-musllinux_1_2_aarch64.whl", hash = "sha256:53c09385ff0b72ba79d8715683c1168c12e0b6e84fb0372e97553d1ea91efe51", size = 15239691 },
    { url = "https://files.pythonhosted.org/packages/cf/79/1e20fd1c9ce5a932111f964b544facc5bb9bde7865f5b42f00b4a6a9192b/numpy-2.2.1-cp313-cp313-musllinux_1_2_x86_64.whl", hash = "sha256:f3eac17d9ec51be534685ba877b6ab5edc3ab7ec95c8f163e5d7b39859524716", size = 17856571 },
    { url = "https://files.pythonhosted.org/packages/be/5b/cc155e107f75d694f562bdc84a26cc930569f3dfdfbccb3420b626065777/numpy-2.2.1-cp313-cp313-win32.whl", hash = "sha256:9ad014faa93dbb52c80d8f4d3dcf855865c876c9660cb9bd7553843dd03a4b1e", size = 6270841 },
    { url = "https://files.pythonhosted.org/packages/44/be/0e5cd009d2162e4138d79a5afb3b5d2341f0fe4777ab6e675aa3d4a42e21/numpy-2.2.1-cp313-cp313-win_amd64.whl", hash = "sha256:164a829b6aacf79ca47ba4814b130c4020b202522a93d7bff2202bfb33b61c60", size = 12606618 },
    { url = "https://files.pythonhosted.org/packages/a8/87/04ddf02dd86fb17c7485a5f87b605c4437966d53de1e3745d450343a6f56/numpy-2.2.1-cp313-cp313t-macosx_10_13_x86_64.whl", hash = "sha256:4dfda918a13cc4f81e9118dea249e192ab167a0bb1966272d5503e39234d694e", size = 20921004 },
    { url = "https://files.pythonhosted.org/packages/6e/3e/d0e9e32ab14005425d180ef950badf31b862f3839c5b927796648b11f88a/numpy-2.2.1-cp313-cp313t-macosx_11_0_arm64.whl", hash = "sha256:733585f9f4b62e9b3528dd1070ec4f52b8acf64215b60a845fa13ebd73cd0712", size = 14119910 },
    { url = "https://files.pythonhosted.org/packages/b5/5b/aa2d1905b04a8fb681e08742bb79a7bddfc160c7ce8e1ff6d5c821be0236/numpy-2.2.1-cp313-cp313t-macosx_14_0_arm64.whl", hash = "sha256:89b16a18e7bba224ce5114db863e7029803c179979e1af6ad6a6b11f70545008", size = 5153612 },
    { url = "https://files.pythonhosted.org/packages/ce/35/6831808028df0648d9b43c5df7e1051129aa0d562525bacb70019c5f5030/numpy-2.2.1-cp313-cp313t-macosx_14_0_x86_64.whl", hash = "sha256:676f4eebf6b2d430300f1f4f4c2461685f8269f94c89698d832cdf9277f30b84", size = 6668401 },
    { url = "https://files.pythonhosted.org/packages/b1/38/10ef509ad63a5946cc042f98d838daebfe7eaf45b9daaf13df2086b15ff9/numpy-2.2.1-cp313-cp313t-manylinux_2_17_aarch64.manylinux2014_aarch64.whl", hash = "sha256:27f5cdf9f493b35f7e41e8368e7d7b4bbafaf9660cba53fb21d2cd174ec09631", size = 14014198 },
    { url = "https://files.pythonhosted.org/packages/df/f8/c80968ae01df23e249ee0a4487fae55a4c0fe2f838dfe9cc907aa8aea0fa/numpy-2.2.1-cp313-cp313t-manylinux_2_17_x86_64.manylinux2014_x86_64.whl", hash = "sha256:c1ad395cf254c4fbb5b2132fee391f361a6e8c1adbd28f2cd8e79308a615fe9d", size = 16076211 },
    { url = "https://files.pythonhosted.org/packages/09/69/05c169376016a0b614b432967ac46ff14269eaffab80040ec03ae1ae8e2c/numpy-2.2.1-cp313-cp313t-musllinux_1_2_aarch64.whl", hash = "sha256:08ef779aed40dbc52729d6ffe7dd51df85796a702afbf68a4f4e41fafdc8bda5", size = 15220266 },
    { url = "https://files.pythonhosted.org/packages/f1/ff/94a4ce67ea909f41cf7ea712aebbe832dc67decad22944a1020bb398a5ee/numpy-2.2.1-cp313-cp313t-musllinux_1_2_x86_64.whl", hash = "sha256:26c9c4382b19fcfbbed3238a14abf7ff223890ea1936b8890f058e7ba35e8d71", size = 17852844 },
    { url = "https://files.pythonhosted.org/packages/46/72/8a5dbce4020dfc595592333ef2fbb0a187d084ca243b67766d29d03e0096/numpy-2.2.1-cp313-cp313t-win32.whl", hash = "sha256:93cf4e045bae74c90ca833cba583c14b62cb4ba2cba0abd2b141ab52548247e2", size = 6326007 },
    { url = "https://files.pythonhosted.org/packages/7b/9c/4fce9cf39dde2562584e4cfd351a0140240f82c0e3569ce25a250f47037d/numpy-2.2.1-cp313-cp313t-win_amd64.whl", hash = "sha256:bff7d8ec20f5f42607599f9994770fa65d76edca264a87b5e4ea5629bce12268", size = 12693107 },
]

[[package]]
name = "packaging"
version = "24.2"
source = { registry = "https://pypi.org/simple" }
sdist = { url = "https://files.pythonhosted.org/packages/d0/63/68dbb6eb2de9cb10ee4c9c14a0148804425e13c4fb20d61cce69f53106da/packaging-24.2.tar.gz", hash = "sha256:c228a6dc5e932d346bc5739379109d49e8853dd8223571c7c5b55260edc0b97f", size = 163950 }
wheels = [
    { url = "https://files.pythonhosted.org/packages/88/ef/eb23f262cca3c0c4eb7ab1933c3b1f03d021f2c48f54763065b6f0e321be/packaging-24.2-py3-none-any.whl", hash = "sha256:09abb1bccd265c01f4a3aa3f7a7db064b36514d2cba19a2f694fe6150451a759", size = 65451 },
]

[[package]]
name = "pluggy"
version = "1.5.0"
source = { registry = "https://pypi.org/simple" }
sdist = { url = "https://files.pythonhosted.org/packages/96/2d/02d4312c973c6050a18b314a5ad0b3210edb65a906f868e31c111dede4a6/pluggy-1.5.0.tar.gz", hash = "sha256:2cffa88e94fdc978c4c574f15f9e59b7f4201d439195c3715ca9e2486f1d0cf1", size = 67955 }
wheels = [
    { url = "https://files.pythonhosted.org/packages/88/5f/e351af9a41f866ac3f1fac4ca0613908d9a41741cfcf2228f4ad853b697d/pluggy-1.5.0-py3-none-any.whl", hash = "sha256:44e1ad92c8ca002de6377e165f3e0f1be63266ab4d554740532335b9d75ea669", size = 20556 },
]

[[package]]
name = "pytest"
version = "8.3.4"
source = { registry = "https://pypi.org/simple" }
dependencies = [
    { name = "colorama", marker = "sys_platform == 'win32'" },
    { name = "iniconfig" },
    { name = "packaging" },
    { name = "pluggy" },
]
sdist = { url = "https://files.pythonhosted.org/packages/05/35/30e0d83068951d90a01852cb1cef56e5d8a09d20c7f511634cc2f7e0372a/pytest-8.3.4.tar.gz", hash = "sha256:965370d062bce11e73868e0335abac31b4d3de0e82f4007408d242b4f8610761", size = 1445919 }
wheels = [
    { url = "https://files.pythonhosted.org/packages/11/92/76a1c94d3afee238333bc0a42b82935dd8f9cf8ce9e336ff87ee14d9e1cf/pytest-8.3.4-py3-none-any.whl", hash = "sha256:50e16d954148559c9a74109af1eaf0c945ba2d8f30f0a3d3335edde19788b6f6", size = 343083 },
]

[[package]]
name = "setuptools"
version = "75.8.0"
source = { registry = "https://pypi.org/simple" }
sdist = { url = "https://files.pythonhosted.org/packages/92/ec/089608b791d210aec4e7f97488e67ab0d33add3efccb83a056cbafe3a2a6/setuptools-75.8.0.tar.gz", hash = "sha256:c5afc8f407c626b8313a86e10311dd3f661c6cd9c09d4bf8c15c0e11f9f2b0e6", size = 1343222 }
wheels = [
    { url = "https://files.pythonhosted.org/packages/69/8a/b9dc7678803429e4a3bc9ba462fa3dd9066824d3c607490235c6a796be5a/setuptools-75.8.0-py3-none-any.whl", hash = "sha256:e3982f444617239225d675215d51f6ba05f845d4eec313da4418fdbb56fb27e3", size = 1228782 },
]

[[package]]
name = "spatial-graph"
version = "0.0.1"
source = { git = "https://github.com/funkelab/spatial_graph?rev=d02b691e4fa0f184871939a89c6f964bfd0f5e39#d02b691e4fa0f184871939a89c6f964bfd0f5e39" }
dependencies = [
    { name = "cheetah3" },
    { name = "numpy" },
    { name = "setuptools" },
    { name = "witty" },
]

[[package]]
name = "witty"
version = "0.0.0"
source = { git = "https://github.com/funkelab/witty.git?rev=v0.2.0#148c715a6726d40e776ab1b74be5187d354b23e0" }
dependencies = [
    { name = "cython" },
    { name = "setuptools", marker = "python_full_version >= '3.12'" },
]

[[package]]
name = "zarr"
version = "2.18.4"
source = { registry = "https://pypi.org/simple" }
dependencies = [
    { name = "asciitree" },
    { name = "fasteners", marker = "sys_platform != 'emscripten'" },
    { name = "numcodecs" },
    { name = "numpy" },
]
sdist = { url = "https://files.pythonhosted.org/packages/21/d1/764ca5b66d91b20dede66aedc6eb9ede3adbe5c61779e7378a7ecb010e87/zarr-2.18.4.tar.gz", hash = "sha256:37790ededd0683ae1abe6ff90aa16c22543b3436810060f53d72c15e910c24bb", size = 3603684 }
wheels = [
    { url = "https://files.pythonhosted.org/packages/b4/d1/c84022a44afc7b7ccc442fba3daee56bdd03593d91ee4bc245a08e4fcc55/zarr-2.18.4-py3-none-any.whl", hash = "sha256:2795e20aff91093ce7e4da36ab1a138aededbd8ab66bf01fd01512e61d31e5d1", size = 210600 },
]
